
Microsoft Visual Studio Solution File, Format Version 12.00
# Visual Studio Version 16
VisualStudioVersion = 16.0.31205.134
MinimumVisualStudioVersion = 10.0.40219.1
Project("{FAE04EC0-301F-11D3-BF4B-00C04F79EFBC}") = "Memory", "Memory\Memory.csproj", "{EE1C0C2C-EFB3-4D82-B301-A8369C73A284}"
EndProject
Global
	GlobalSection(SolutionConfigurationPlatforms) = preSolution
		Debug|Any CPU = Debug|Any CPU
		Release|Any CPU = Release|Any CPU
	EndGlobalSection
	GlobalSection(ProjectConfigurationPlatforms) = postSolution
		{EE1C0C2C-EFB3-4D82-B301-A8369C73A284}.Debug|Any CPU.ActiveCfg = Debug|Any CPU
		{EE1C0C2C-EFB3-4D82-B301-A8369C73A284}.Debug|Any CPU.Build.0 = Debug|Any CPU
		{EE1C0C2C-EFB3-4D82-B301-A8369C73A284}.Release|Any CPU.ActiveCfg = Release|Any CPU
		{EE1C0C2C-EFB3-4D82-B301-A8369C73A284}.Release|Any CPU.Build.0 = Release|Any CPU
	EndGlobalSection
	GlobalSection(SolutionProperties) = preSolution
		HideSolutionNode = FALSE
	EndGlobalSection
	GlobalSection(ExtensibilityGlobals) = postSolution
		SolutionGuid = {017103D7-5839-4939-A83D-E052570F9582}
	EndGlobalSection
EndGlobal
