
Microsoft Visual Studio Solution File, Format Version 12.00
# Visual Studio Version 16
VisualStudioVersion = 16.0.31205.134
MinimumVisualStudioVersion = 10.0.40219.1
Project("{FAE04EC0-301F-11D3-BF4B-00C04F79EFBC}") = "Memory", "Memory\Memory.csproj", "{BFFB374D-C069-4208-B6D9-004D6384D1D5}"
EndProject
Global
	GlobalSection(SolutionConfigurationPlatforms) = preSolution
		Debug|Any CPU = Debug|Any CPU
		Release|Any CPU = Release|Any CPU
	EndGlobalSection
	GlobalSection(ProjectConfigurationPlatforms) = postSolution
		{BFFB374D-C069-4208-B6D9-004D6384D1D5}.Debug|Any CPU.ActiveCfg = Debug|Any CPU
		{BFFB374D-C069-4208-B6D9-004D6384D1D5}.Debug|Any CPU.Build.0 = Debug|Any CPU
		{BFFB374D-C069-4208-B6D9-004D6384D1D5}.Release|Any CPU.ActiveCfg = Release|Any CPU
		{BFFB374D-C069-4208-B6D9-004D6384D1D5}.Release|Any CPU.Build.0 = Release|Any CPU
	EndGlobalSection
	GlobalSection(SolutionProperties) = preSolution
		HideSolutionNode = FALSE
	EndGlobalSection
	GlobalSection(ExtensibilityGlobals) = postSolution
		SolutionGuid = {021FEFBC-30E2-4722-AAB2-880070B77288}
	EndGlobalSection
EndGlobal
